
Microsoft Visual Studio Solution File, Format Version 12.00
# Visual Studio 15
VisualStudioVersion = 15.0.28010.2003
MinimumVisualStudioVersion = 10.0.40219.1
Project("{FAE04EC0-301F-11D3-BF4B-00C04F79EFBC}") = "SessionMonitorService", "SessionMonitorService\SessionMonitorService.csproj", "{51273EDF-392E-450F-A523-B500A6EE6002}"
EndProject
Global
	GlobalSection(SolutionConfigurationPlatforms) = preSolution
		Debug|Any CPU = Debug|Any CPU
		Release|Any CPU = Release|Any CPU
	EndGlobalSection
	GlobalSection(ProjectConfigurationPlatforms) = postSolution
		{51273EDF-392E-450F-A523-B500A6EE6002}.Debug|Any CPU.ActiveCfg = Debug|Any CPU
		{51273EDF-392E-450F-A523-B500A6EE6002}.Debug|Any CPU.Build.0 = Debug|Any CPU
		{51273EDF-392E-450F-A523-B500A6EE6002}.Release|Any CPU.ActiveCfg = Release|Any CPU
		{51273EDF-392E-450F-A523-B500A6EE6002}.Release|Any CPU.Build.0 = Release|Any CPU
	EndGlobalSection
	GlobalSection(SolutionProperties) = preSolution
		HideSolutionNode = FALSE
	EndGlobalSection
	GlobalSection(ExtensibilityGlobals) = postSolution
		SolutionGuid = {6AEE61D7-5540-4A15-9801-108706AE9A8D}
	EndGlobalSection
EndGlobal
